# This file is generated by running "yarn install" inside your project.
# Manual changes might be lost - proceed with caution!

__metadata:
  version: 8
  cacheKey: 10

"@metacraft/murg-engine@npm:^0.0.73":
  version: 0.0.73
  resolution: "@metacraft/murg-engine@npm:0.0.73"
  dependencies:
    mustache: "npm:^4.2.0"
  checksum: 10/4ba645f102870de7a884a3317fda45ebcd163711990771d25b3a6ae553a5261d17e173960b454f7c9545baeec483540beb489301f27e09436de8b1f8ff57968f
  languageName: node
  linkType: hard

"@types/lodash@npm:^4.14.191":
  version: 4.14.191
  resolution: "@types/lodash@npm:4.14.191"
  checksum: 10/ab8cd8eeb941f0fb89248cd5d520b942b841e936e4fcb093370f76d137a8b6f6be0de7f38fc259d56d3cc45b1b50ed69d15c9b94922545166e3ef1f0218be2f2
  languageName: node
  linkType: hard

"lodash@npm:^4.17.21":
  version: 4.17.21
  resolution: "lodash@npm:4.17.21"
  checksum: 10/c08619c038846ea6ac754abd6dd29d2568aa705feb69339e836dfa8d8b09abbb2f859371e86863eda41848221f9af43714491467b5b0299122431e202bb0c532
  languageName: node
  linkType: hard

"mustache@npm:^4.2.0":
  version: 4.2.0
  resolution: "mustache@npm:4.2.0"
  bin:
    mustache: bin/mustache
  checksum: 10/6e668bd5803255ab0779c3983b9412b5c4f4f90e822230e0e8f414f5449ed7a137eed29430e835aa689886f663385cfe05f808eb34b16e1f3a95525889b05cd3
  languageName: node
  linkType: hard

"ur@workspace:.":
  version: 0.0.0-use.local
  resolution: "ur@workspace:."
  dependencies:
    "@metacraft/murg-engine": "npm:^0.0.73"
    "@types/lodash": "npm:^4.14.191"
    lodash: "npm:^4.17.21"
  languageName: unknown
  linkType: soft
